
Microsoft Visual Studio Solution File, Format Version 12.00
# Visual Studio Version 17
VisualStudioVersion = 17.8.34408.163
MinimumVisualStudioVersion = 10.0.40219.1
Project("{9A19103F-16F7-4668-BE54-9A1E7A4F7556}") = "Pabna.WebAPI", "PabnaApp\Pabna.WebAPI.csproj", "{F2588F2E-5DE6-43E9-956A-153F58EB65E7}"
EndProject
Project("{9A19103F-16F7-4668-BE54-9A1E7A4F7556}") = "Pabna.Core", "Core\Pabna.Core.csproj", "{93B299B0-22F6-406C-82BA-E4FC770883DF}"
EndProject
Project("{9A19103F-16F7-4668-BE54-9A1E7A4F7556}") = "Pabna.DataAccess", "DataAccess\Pabna.DataAccess.csproj", "{8C315EA4-F9A0-4CE4-8A67-CC3C2E82FDD6}"
EndProject
Project("{9A19103F-16F7-4668-BE54-9A1E7A4F7556}") = "Pabna.Service", "Business\Pabna.Service.csproj", "{4138D532-FE49-4D2A-84BA-D1187DD220B6}"
EndProject
Project("{2150E333-8FDC-42A3-9474-1A3956D46DE8}") = "00.Core", "00.Core", "{E45C7403-12C7-479F-B42D-439753FFFA41}"
EndProject
Project("{2150E333-8FDC-42A3-9474-1A3956D46DE8}") = "03.Business", "03.Business", "{88C887BF-9754-4D55-88BC-65CF0A3F1052}"
EndProject
Project("{2150E333-8FDC-42A3-9474-1A3956D46DE8}") = "02.DataAccess", "02.DataAccess", "{60B3E99D-F66C-49C0-8C1E-EEECFF7912A6}"
EndProject
Global
	GlobalSection(SolutionConfigurationPlatforms) = preSolution
		Debug|Any CPU = Debug|Any CPU
		Release|Any CPU = Release|Any CPU
	EndGlobalSection
	GlobalSection(ProjectConfigurationPlatforms) = postSolution
		{F2588F2E-5DE6-43E9-956A-153F58EB65E7}.Debug|Any CPU.ActiveCfg = Debug|Any CPU
		{F2588F2E-5DE6-43E9-956A-153F58EB65E7}.Debug|Any CPU.Build.0 = Debug|Any CPU
		{F2588F2E-5DE6-43E9-956A-153F58EB65E7}.Release|Any CPU.ActiveCfg = Release|Any CPU
		{F2588F2E-5DE6-43E9-956A-153F58EB65E7}.Release|Any CPU.Build.0 = Release|Any CPU
		{93B299B0-22F6-406C-82BA-E4FC770883DF}.Debug|Any CPU.ActiveCfg = Debug|Any CPU
		{93B299B0-22F6-406C-82BA-E4FC770883DF}.Debug|Any CPU.Build.0 = Debug|Any CPU
		{93B299B0-22F6-406C-82BA-E4FC770883DF}.Release|Any CPU.ActiveCfg = Release|Any CPU
		{93B299B0-22F6-406C-82BA-E4FC770883DF}.Release|Any CPU.Build.0 = Release|Any CPU
		{8C315EA4-F9A0-4CE4-8A67-CC3C2E82FDD6}.Debug|Any CPU.ActiveCfg = Debug|Any CPU
		{8C315EA4-F9A0-4CE4-8A67-CC3C2E82FDD6}.Debug|Any CPU.Build.0 = Debug|Any CPU
		{8C315EA4-F9A0-4CE4-8A67-CC3C2E82FDD6}.Release|Any CPU.ActiveCfg = Release|Any CPU
		{8C315EA4-F9A0-4CE4-8A67-CC3C2E82FDD6}.Release|Any CPU.Build.0 = Release|Any CPU
		{4138D532-FE49-4D2A-84BA-D1187DD220B6}.Debug|Any CPU.ActiveCfg = Debug|Any CPU
		{4138D532-FE49-4D2A-84BA-D1187DD220B6}.Debug|Any CPU.Build.0 = Debug|Any CPU
		{4138D532-FE49-4D2A-84BA-D1187DD220B6}.Release|Any CPU.ActiveCfg = Release|Any CPU
		{4138D532-FE49-4D2A-84BA-D1187DD220B6}.Release|Any CPU.Build.0 = Release|Any CPU
	EndGlobalSection
	GlobalSection(SolutionProperties) = preSolution
		HideSolutionNode = FALSE
	EndGlobalSection
	GlobalSection(NestedProjects) = preSolution
		{93B299B0-22F6-406C-82BA-E4FC770883DF} = {E45C7403-12C7-479F-B42D-439753FFFA41}
		{8C315EA4-F9A0-4CE4-8A67-CC3C2E82FDD6} = {60B3E99D-F66C-49C0-8C1E-EEECFF7912A6}
		{4138D532-FE49-4D2A-84BA-D1187DD220B6} = {88C887BF-9754-4D55-88BC-65CF0A3F1052}
	EndGlobalSection
	GlobalSection(ExtensibilityGlobals) = postSolution
		SolutionGuid = {16E3D304-1192-436B-A504-93A5593BA577}
	EndGlobalSection
EndGlobal
